// !$*UTF8*$!
{
	archiveVersion = 1;
	classes = {
	};
	objectVersion = 46;
	objects = {

/* Begin PBXBuildFile section */
		D82A94FC17C3D50600CD9DCD /* TableFooterV.m in Sources */ = {isa = PBXBuildFile; fileRef = D82A94ED17C3D50600CD9DCD /* TableFooterV.m */; };
		D82A94FD17C3D50600CD9DCD /* TableFooterV.xib in Resources */ = {isa = PBXBuildFile; fileRef = D82A94EE17C3D50600CD9DCD /* TableFooterV.xib */; };
		D82A94FE17C3D50600CD9DCD /* TableHeaderV.m in Sources */ = {isa = PBXBuildFile; fileRef = D82A94F017C3D50600CD9DCD /* TableHeaderV.m */; };
		D82A94FF17C3D50600CD9DCD /* TableHeaderV.xib in Resources */ = {isa = PBXBuildFile; fileRef = D82A94F117C3D50600CD9DCD /* TableHeaderV.xib */; };
		D82A950017C3D50600CD9DCD /* sr_refresh.png in Resources */ = {isa = PBXBuildFile; fileRef = D82A94F317C3D50600CD9DCD /* sr_refresh.png */; };
		D82A950117C3D50600CD9DCD /* sr_refresh@2X.png in Resources */ = {isa = PBXBuildFile; fileRef = D82A94F417C3D50600CD9DCD /* sr_refresh@2X.png */; };
		D82A950217C3D50600CD9DCD /* SRRefreshView.m in Sources */ = {isa = PBXBuildFile; fileRef = D82A94F717C3D50600CD9DCD /* SRRefreshView.m */; settings = {COMPILER_FLAGS = "-fobjc-arc"; }; };
		D82A950317C3D50600CD9DCD /* SRSlimeView.m in Sources */ = {isa = PBXBuildFile; fileRef = D82A94F917C3D50600CD9DCD /* SRSlimeView.m */; settings = {COMPILER_FLAGS = "-fobjc-arc"; }; };
		D82A950417C3D50600CD9DCD /* ZYQTableView.m in Sources */ = {isa = PBXBuildFile; fileRef = D82A94FB17C3D50600CD9DCD /* ZYQTableView.m */; };
		D82A950A17C3DF6300CD9DCD /* BaseTableView.m in Sources */ = {isa = PBXBuildFile; fileRef = D82A950917C3DF6300CD9DCD /* BaseTableView.m */; };
		D82A950D17C3E18900CD9DCD /* MyTableView.m in Sources */ = {isa = PBXBuildFile; fileRef = D82A950C17C3E18900CD9DCD /* MyTableView.m */; };
		D83C835916E506950065BEEB /* UIKit.framework in Frameworks */ = {isa = PBXBuildFile; fileRef = D83C835816E506950065BEEB /* UIKit.framework */; };
		D83C835B16E506950065BEEB /* Foundation.framework in Frameworks */ = {isa = PBXBuildFile; fileRef = D83C835A16E506950065BEEB /* Foundation.framework */; };
		D83C835D16E506950065BEEB /* CoreGraphics.framework in Frameworks */ = {isa = PBXBuildFile; fileRef = D83C835C16E506950065BEEB /* CoreGraphics.framework */; };
		D83C836316E506950065BEEB /* InfoPlist.strings in Resources */ = {isa = PBXBuildFile; fileRef = D83C836116E506950065BEEB /* InfoPlist.strings */; };
		D83C836516E506950065BEEB /* main.m in Sources */ = {isa = PBXBuildFile; fileRef = D83C836416E506950065BEEB /* main.m */; };
		D83C836916E506950065BEEB /* AppDelegate.m in Sources */ = {isa = PBXBuildFile; fileRef = D83C836816E506950065BEEB /* AppDelegate.m */; };
		D83C836B16E506950065BEEB /* Default.png in Resources */ = {isa = PBXBuildFile; fileRef = D83C836A16E506950065BEEB /* Default.png */; };
		D83C836D16E506950065BEEB /* Default@2x.png in Resources */ = {isa = PBXBuildFile; fileRef = D83C836C16E506950065BEEB /* Default@2x.png */; };
		D83C836F16E506950065BEEB /* Default-568h@2x.png in Resources */ = {isa = PBXBuildFile; fileRef = D83C836E16E506950065BEEB /* Default-568h@2x.png */; };
		D83C837716E506AB0065BEEB /* ViewController.m in Sources */ = {isa = PBXBuildFile; fileRef = D83C837616E506AB0065BEEB /* ViewController.m */; };
		D88DC33717C14A3C0007F19E /* QuartzCore.framework in Frameworks */ = {isa = PBXBuildFile; fileRef = D88DC33617C14A3C0007F19E /* QuartzCore.framework */; };
/* End PBXBuildFile section */

/* Begin PBXFileReference section */
		D82A94EC17C3D50600CD9DCD /* TableFooterV.h */ = {isa = PBXFileReference; fileEncoding = 4; lastKnownFileType = sourcecode.c.h; path = TableFooterV.h; sourceTree = "<group>"; };
		D82A94ED17C3D50600CD9DCD /* TableFooterV.m */ = {isa = PBXFileReference; fileEncoding = 4; lastKnownFileType = sourcecode.c.objc; path = TableFooterV.m; sourceTree = "<group>"; };
		D82A94EE17C3D50600CD9DCD /* TableFooterV.xib */ = {isa = PBXFileReference; fileEncoding = 4; lastKnownFileType = file.xib; path = TableFooterV.xib; sourceTree = "<group>"; };
		D82A94EF17C3D50600CD9DCD /* TableHeaderV.h */ = {isa = PBXFileReference; fileEncoding = 4; lastKnownFileType = sourcecode.c.h; path = TableHeaderV.h; sourceTree = "<group>"; };
		D82A94F017C3D50600CD9DCD /* TableHeaderV.m */ = {isa = PBXFileReference; fileEncoding = 4; lastKnownFileType = sourcecode.c.objc; path = TableHeaderV.m; sourceTree = "<group>"; };
		D82A94F117C3D50600CD9DCD /* TableHeaderV.xib */ = {isa = PBXFileReference; fileEncoding = 4; lastKnownFileType = file.xib; path = TableHeaderV.xib; sourceTree = "<group>"; };
		D82A94F317C3D50600CD9DCD /* sr_refresh.png */ = {isa = PBXFileReference; lastKnownFileType = image.png; path = sr_refresh.png; sourceTree = "<group>"; };
		D82A94F417C3D50600CD9DCD /* sr_refresh@2X.png */ = {isa = PBXFileReference; lastKnownFileType = image.png; path = "sr_refresh@2X.png"; sourceTree = "<group>"; };
		D82A94F517C3D50600CD9DCD /* SRDefine.h */ = {isa = PBXFileReference; fileEncoding = 4; lastKnownFileType = sourcecode.c.h; path = SRDefine.h; sourceTree = "<group>"; };
		D82A94F617C3D50600CD9DCD /* SRRefreshView.h */ = {isa = PBXFileReference; fileEncoding = 4; lastKnownFileType = sourcecode.c.h; path = SRRefreshView.h; sourceTree = "<group>"; };
		D82A94F717C3D50600CD9DCD /* SRRefreshView.m */ = {isa = PBXFileReference; fileEncoding = 4; lastKnownFileType = sourcecode.c.objc; path = SRRefreshView.m; sourceTree = "<group>"; };
		D82A94F817C3D50600CD9DCD /* SRSlimeView.h */ = {isa = PBXFileReference; fileEncoding = 4; lastKnownFileType = sourcecode.c.h; path = SRSlimeView.h; sourceTree = "<group>"; };
		D82A94F917C3D50600CD9DCD /* SRSlimeView.m */ = {isa = PBXFileReference; fileEncoding = 4; lastKnownFileType = sourcecode.c.objc; path = SRSlimeView.m; sourceTree = "<group>"; };
		D82A94FA17C3D50600CD9DCD /* ZYQTableView.h */ = {isa = PBXFileReference; fileEncoding = 4; lastKnownFileType = sourcecode.c.h; path = ZYQTableView.h; sourceTree = "<group>"; };
		D82A94FB17C3D50600CD9DCD /* ZYQTableView.m */ = {isa = PBXFileReference; fileEncoding = 4; lastKnownFileType = sourcecode.c.objc; path = ZYQTableView.m; sourceTree = "<group>"; };
		D82A950817C3DF6300CD9DCD /* BaseTableView.h */ = {isa = PBXFileReference; fileEncoding = 4; lastKnownFileType = sourcecode.c.h; path = BaseTableView.h; sourceTree = "<group>"; };
		D82A950917C3DF6300CD9DCD /* BaseTableView.m */ = {isa = PBXFileReference; fileEncoding = 4; lastKnownFileType = sourcecode.c.objc; path = BaseTableView.m; sourceTree = "<group>"; };
		D82A950B17C3E18900CD9DCD /* MyTableView.h */ = {isa = PBXFileReference; fileEncoding = 4; lastKnownFileType = sourcecode.c.h; path = MyTableView.h; sourceTree = "<group>"; };
		D82A950C17C3E18900CD9DCD /* MyTableView.m */ = {isa = PBXFileReference; fileEncoding = 4; lastKnownFileType = sourcecode.c.objc; path = MyTableView.m; sourceTree = "<group>"; };
		D83C835516E506950065BEEB /* ZYQTableVDemo.app */ = {isa = PBXFileReference; explicitFileType = wrapper.application; includeInIndex = 0; path = ZYQTableVDemo.app; sourceTree = BUILT_PRODUCTS_DIR; };
		D83C835816E506950065BEEB /* UIKit.framework */ = {isa = PBXFileReference; lastKnownFileType = wrapper.framework; name = UIKit.framework; path = System/Library/Frameworks/UIKit.framework; sourceTree = SDKROOT; };
		D83C835A16E506950065BEEB /* Foundation.framework */ = {isa = PBXFileReference; lastKnownFileType = wrapper.framework; name = Foundation.framework; path = System/Library/Frameworks/Foundation.framework; sourceTree = SDKROOT; };
		D83C835C16E506950065BEEB /* CoreGraphics.framework */ = {isa = PBXFileReference; lastKnownFileType = wrapper.framework; name = CoreGraphics.framework; path = System/Library/Frameworks/CoreGraphics.framework; sourceTree = SDKROOT; };
		D83C836016E506950065BEEB /* ZYQTableVDemo-Info.plist */ = {isa = PBXFileReference; lastKnownFileType = text.plist.xml; path = "ZYQTableVDemo-Info.plist"; sourceTree = "<group>"; };
		D83C836216E506950065BEEB /* en */ = {isa = PBXFileReference; lastKnownFileType = text.plist.strings; name = en; path = en.lproj/InfoPlist.strings; sourceTree = "<group>"; };
		D83C836416E506950065BEEB /* main.m */ = {isa = PBXFileReference; lastKnownFileType = sourcecode.c.objc; path = main.m; sourceTree = "<group>"; };
		D83C836616E506950065BEEB /* ZYQTableVDemo-Prefix.pch */ = {isa = PBXFileReference; lastKnownFileType = sourcecode.c.h; path = "ZYQTableVDemo-Prefix.pch"; sourceTree = "<group>"; };
		D83C836716E506950065BEEB /* AppDelegate.h */ = {isa = PBXFileReference; lastKnownFileType = sourcecode.c.h; path = AppDelegate.h; sourceTree = "<group>"; };
		D83C836816E506950065BEEB /* AppDelegate.m */ = {isa = PBXFileReference; lastKnownFileType = sourcecode.c.objc; path = AppDelegate.m; sourceTree = "<group>"; };
		D83C836A16E506950065BEEB /* Default.png */ = {isa = PBXFileReference; lastKnownFileType = image.png; path = Default.png; sourceTree = "<group>"; };
		D83C836C16E506950065BEEB /* Default@2x.png */ = {isa = PBXFileReference; lastKnownFileType = image.png; path = "Default@2x.png"; sourceTree = "<group>"; };
		D83C836E16E506950065BEEB /* Default-568h@2x.png */ = {isa = PBXFileReference; lastKnownFileType = image.png; path = "Default-568h@2x.png"; sourceTree = "<group>"; };
		D83C837516E506AB0065BEEB /* ViewController.h */ = {isa = PBXFileReference; fileEncoding = 4; lastKnownFileType = sourcecode.c.h; path = ViewController.h; sourceTree = "<group>"; };
		D83C837616E506AB0065BEEB /* ViewController.m */ = {isa = PBXFileReference; fileEncoding = 4; lastKnownFileType = sourcecode.c.objc; path = ViewController.m; sourceTree = "<group>"; };
		D88DC33617C14A3C0007F19E /* QuartzCore.framework */ = {isa = PBXFileReference; lastKnownFileType = wrapper.framework; name = QuartzCore.framework; path = System/Library/Frameworks/QuartzCore.framework; sourceTree = SDKROOT; };
/* End PBXFileReference section */

/* Begin PBXFrameworksBuildPhase section */
		D83C835216E506950065BEEB /* Frameworks */ = {
			isa = PBXFrameworksBuildPhase;
			buildActionMask = 2147483647;
			files = (
				D88DC33717C14A3C0007F19E /* QuartzCore.framework in Frameworks */,
				D83C835916E506950065BEEB /* UIKit.framework in Frameworks */,
				D83C835B16E506950065BEEB /* Foundation.framework in Frameworks */,
				D83C835D16E506950065BEEB /* CoreGraphics.framework in Frameworks */,
			);
			runOnlyForDeploymentPostprocessing = 0;
		};
/* End PBXFrameworksBuildPhase section */

/* Begin PBXGroup section */
		D82A94EA17C3D50600CD9DCD /* lib */ = {
			isa = PBXGroup;
			children = (
				D82A94EB17C3D50600CD9DCD /* Custom */,
				D82A94F217C3D50600CD9DCD /* SlimeRefresh */,
				D82A94FA17C3D50600CD9DCD /* ZYQTableView.h */,
				D82A94FB17C3D50600CD9DCD /* ZYQTableView.m */,
			);
			path = lib;
			sourceTree = "<group>";
		};
		D82A94EB17C3D50600CD9DCD /* Custom */ = {
			isa = PBXGroup;
			children = (
				D82A94EC17C3D50600CD9DCD /* TableFooterV.h */,
				D82A94ED17C3D50600CD9DCD /* TableFooterV.m */,
				D82A94EE17C3D50600CD9DCD /* TableFooterV.xib */,
				D82A94EF17C3D50600CD9DCD /* TableHeaderV.h */,
				D82A94F017C3D50600CD9DCD /* TableHeaderV.m */,
				D82A94F117C3D50600CD9DCD /* TableHeaderV.xib */,
			);
			path = Custom;
			sourceTree = "<group>";
		};
		D82A94F217C3D50600CD9DCD /* SlimeRefresh */ = {
			isa = PBXGroup;
			children = (
				D82A94F317C3D50600CD9DCD /* sr_refresh.png */,
				D82A94F417C3D50600CD9DCD /* sr_refresh@2X.png */,
				D82A94F517C3D50600CD9DCD /* SRDefine.h */,
				D82A94F617C3D50600CD9DCD /* SRRefreshView.h */,
				D82A94F717C3D50600CD9DCD /* SRRefreshView.m */,
				D82A94F817C3D50600CD9DCD /* SRSlimeView.h */,
				D82A94F917C3D50600CD9DCD /* SRSlimeView.m */,
			);
			path = SlimeRefresh;
			sourceTree = "<group>";
		};
		D83C834C16E506950065BEEB = {
			isa = PBXGroup;
			children = (
				D83C835E16E506950065BEEB /* ZYQTableVDemo */,
				D83C835716E506950065BEEB /* Frameworks */,
				D83C835616E506950065BEEB /* Products */,
			);
			sourceTree = "<group>";
		};
		D83C835616E506950065BEEB /* Products */ = {
			isa = PBXGroup;
			children = (
				D83C835516E506950065BEEB /* ZYQTableVDemo.app */,
			);
			name = Products;
			sourceTree = "<group>";
		};
		D83C835716E506950065BEEB /* Frameworks */ = {
			isa = PBXGroup;
			children = (
				D88DC33617C14A3C0007F19E /* QuartzCore.framework */,
				D83C835816E506950065BEEB /* UIKit.framework */,
				D83C835A16E506950065BEEB /* Foundation.framework */,
				D83C835C16E506950065BEEB /* CoreGraphics.framework */,
			);
			name = Frameworks;
			sourceTree = "<group>";
		};
		D83C835E16E506950065BEEB /* ZYQTableVDemo */ = {
			isa = PBXGroup;
			children = (
				D83C836716E506950065BEEB /* AppDelegate.h */,
				D83C836816E506950065BEEB /* AppDelegate.m */,
				D83C837516E506AB0065BEEB /* ViewController.h */,
				D83C837616E506AB0065BEEB /* ViewController.m */,
				D82A950B17C3E18900CD9DCD /* MyTableView.h */,
				D82A950C17C3E18900CD9DCD /* MyTableView.m */,
				D82A950817C3DF6300CD9DCD /* BaseTableView.h */,
				D82A950917C3DF6300CD9DCD /* BaseTableView.m */,
				D82A94EA17C3D50600CD9DCD /* lib */,
				D83C835F16E506950065BEEB /* Supporting Files */,
			);
			path = ZYQTableVDemo;
			sourceTree = "<group>";
		};
		D83C835F16E506950065BEEB /* Supporting Files */ = {
			isa = PBXGroup;
			children = (
				D83C836016E506950065BEEB /* ZYQTableVDemo-Info.plist */,
				D83C836116E506950065BEEB /* InfoPlist.strings */,
				D83C836416E506950065BEEB /* main.m */,
				D83C836616E506950065BEEB /* ZYQTableVDemo-Prefix.pch */,
				D83C836A16E506950065BEEB /* Default.png */,
				D83C836C16E506950065BEEB /* Default@2x.png */,
				D83C836E16E506950065BEEB /* Default-568h@2x.png */,
			);
			name = "Supporting Files";
			sourceTree = "<group>";
		};
/* End PBXGroup section */

/* Begin PBXNativeTarget section */
		D83C835416E506950065BEEB /* ZYQTableVDemo */ = {
			isa = PBXNativeTarget;
			buildConfigurationList = D83C837216E506950065BEEB /* Build configuration list for PBXNativeTarget "ZYQTableVDemo" */;
			buildPhases = (
				D83C835116E506950065BEEB /* Sources */,
				D83C835216E506950065BEEB /* Frameworks */,
				D83C835316E506950065BEEB /* Resources */,
			);
			buildRules = (
			);
			dependencies = (
			);
			name = ZYQTableVDemo;
			productName = ZYQTableVDemo;
			productReference = D83C835516E506950065BEEB /* ZYQTableVDemo.app */;
			productType = "com.apple.product-type.application";
		};
/* End PBXNativeTarget section */

/* Begin PBXProject section */
		D83C834D16E506950065BEEB /* Project object */ = {
			isa = PBXProject;
			attributes = {
				LastUpgradeCheck = 0460;
				ORGANIZATIONNAME = "Zhao Yiqi";
			};
			buildConfigurationList = D83C835016E506950065BEEB /* Build configuration list for PBXProject "ZYQTableVDemo" */;
			compatibilityVersion = "Xcode 3.2";
			developmentRegion = English;
			hasScannedForEncodings = 0;
			knownRegions = (
				en,
			);
			mainGroup = D83C834C16E506950065BEEB;
			productRefGroup = D83C835616E506950065BEEB /* Products */;
			projectDirPath = "";
			projectRoot = "";
			targets = (
				D83C835416E506950065BEEB /* ZYQTableVDemo */,
			);
		};
/* End PBXProject section */

/* Begin PBXResourcesBuildPhase section */
		D83C835316E506950065BEEB /* Resources */ = {
			isa = PBXResourcesBuildPhase;
			buildActionMask = 2147483647;
			files = (
				D83C836316E506950065BEEB /* InfoPlist.strings in Resources */,
				D83C836B16E506950065BEEB /* Default.png in Resources */,
				D83C836D16E506950065BEEB /* Default@2x.png in Resources */,
				D83C836F16E506950065BEEB /* Default-568h@2x.png in Resources */,
				D82A94FD17C3D50600CD9DCD /* TableFooterV.xib in Resources */,
				D82A94FF17C3D50600CD9DCD /* TableHeaderV.xib in Resources */,
				D82A950017C3D50600CD9DCD /* sr_refresh.png in Resources */,
				D82A950117C3D50600CD9DCD /* sr_refresh@2X.png in Resources */,
			);
			runOnlyForDeploymentPostprocessing = 0;
		};
/* End PBXResourcesBuildPhase section */

/* Begin PBXSourcesBuildPhase section */
		D83C835116E506950065BEEB /* Sources */ = {
			isa = PBXSourcesBuildPhase;
			buildActionMask = 2147483647;
			files = (
				D83C836516E506950065BEEB /* main.m in Sources */,
				D83C836916E506950065BEEB /* AppDelegate.m in Sources */,
				D83C837716E506AB0065BEEB /* ViewController.m in Sources */,
				D82A94FC17C3D50600CD9DCD /* TableFooterV.m in Sources */,
				D82A94FE17C3D50600CD9DCD /* TableHeaderV.m in Sources */,
				D82A950217C3D50600CD9DCD /* SRRefreshView.m in Sources */,
				D82A950317C3D50600CD9DCD /* SRSlimeView.m in Sources */,
				D82A950417C3D50600CD9DCD /* ZYQTableView.m in Sources */,
				D82A950A17C3DF6300CD9DCD /* BaseTableView.m in Sources */,
				D82A950D17C3E18900CD9DCD /* MyTableView.m in Sources */,
			);
			runOnlyForDeploymentPostprocessing = 0;
		};
/* End PBXSourcesBuildPhase section */

/* Begin PBXVariantGroup section */
		D83C836116E506950065BEEB /* InfoPlist.strings */ = {
			isa = PBXVariantGroup;
			children = (
				D83C836216E506950065BEEB /* en */,
			);
			name = InfoPlist.strings;
			sourceTree = "<group>";
		};
/* End PBXVariantGroup section */

/* Begin XCBuildConfiguration section */
		D83C837016E506950065BEEB /* Debug */ = {
			isa = XCBuildConfiguration;
			buildSettings = {
				ALWAYS_SEARCH_USER_PATHS = NO;
				CLANG_CXX_LANGUAGE_STANDARD = "gnu++0x";
				CLANG_CXX_LIBRARY = "libc++";
				CLANG_WARN_CONSTANT_CONVERSION = YES;
				CLANG_WARN_EMPTY_BODY = YES;
				CLANG_WARN_ENUM_CONVERSION = YES;
				CLANG_WARN_INT_CONVERSION = YES;
				CLANG_WARN__DUPLICATE_METHOD_MATCH = YES;
				"CODE_SIGN_IDENTITY[sdk=iphoneos*]" = "iPhone Developer";
				COPY_PHASE_STRIP = NO;
				GCC_C_LANGUAGE_STANDARD = gnu99;
				GCC_DYNAMIC_NO_PIC = NO;
				GCC_OPTIMIZATION_LEVEL = 0;
				GCC_PREPROCESSOR_DEFINITIONS = (
					"DEBUG=1",
					"$(inherited)",
				);
				GCC_SYMBOLS_PRIVATE_EXTERN = NO;
				GCC_WARN_ABOUT_RETURN_TYPE = YES;
				GCC_WARN_UNINITIALIZED_AUTOS = YES;
				GCC_WARN_UNUSED_VARIABLE = YES;
				IPHONEOS_DEPLOYMENT_TARGET = 5.0;
				ONLY_ACTIVE_ARCH = YES;
				SDKROOT = iphoneos;
			};
			name = Debug;
		};
		D83C837116E506950065BEEB /* Release */ = {
			isa = XCBuildConfiguration;
			buildSettings = {
				ALWAYS_SEARCH_USER_PATHS = NO;
				CLANG_CXX_LANGUAGE_STANDARD = "gnu++0x";
				CLANG_CXX_LIBRARY = "libc++";
				CLANG_WARN_CONSTANT_CONVERSION = YES;
				CLANG_WARN_EMPTY_BODY = YES;
				CLANG_WARN_ENUM_CONVERSION = YES;
				CLANG_WARN_INT_CONVERSION = YES;
				CLANG_WARN__DUPLICATE_METHOD_MATCH = YES;
				"CODE_SIGN_IDENTITY[sdk=iphoneos*]" = "iPhone Developer";
				COPY_PHASE_STRIP = YES;
				GCC_C_LANGUAGE_STANDARD = gnu99;
				GCC_WARN_ABOUT_RETURN_TYPE = YES;
				GCC_WARN_UNINITIALIZED_AUTOS = YES;
				GCC_WARN_UNUSED_VARIABLE = YES;
				IPHONEOS_DEPLOYMENT_TARGET = 5.0;
				OTHER_CFLAGS = "-DNS_BLOCK_ASSERTIONS=1";
				SDKROOT = iphoneos;
				VALIDATE_PRODUCT = YES;
			};
			name = Release;
		};
		D83C837316E506950065BEEB /* Debug */ = {
			isa = XCBuildConfiguration;
			buildSettings = {
				GCC_PRECOMPILE_PREFIX_HEADER = YES;
				GCC_PREFIX_HEADER = "ZYQTableVDemo/ZYQTableVDemo-Prefix.pch";
				INFOPLIST_FILE = "ZYQTableVDemo/ZYQTableVDemo-Info.plist";
				IPHONEOS_DEPLOYMENT_TARGET = 5.0;
				PRODUCT_NAME = "$(TARGET_NAME)";
				WRAPPER_EXTENSION = app;
			};
			name = Debug;
		};
		D83C837416E506950065BEEB /* Release */ = {
			isa = XCBuildConfiguration;
			buildSettings = {
				GCC_PRECOMPILE_PREFIX_HEADER = YES;
				GCC_PREFIX_HEADER = "ZYQTableVDemo/ZYQTableVDemo-Prefix.pch";
				INFOPLIST_FILE = "ZYQTableVDemo/ZYQTableVDemo-Info.plist";
				IPHONEOS_DEPLOYMENT_TARGET = 5.0;
				PRODUCT_NAME = "$(TARGET_NAME)";
				WRAPPER_EXTENSION = app;
			};
			name = Release;
		};
/* End XCBuildConfiguration section */

/* Begin XCConfigurationList section */
		D83C835016E506950065BEEB /* Build configuration list for PBXProject "ZYQTableVDemo" */ = {
			isa = XCConfigurationList;
			buildConfigurations = (
				D83C837016E506950065BEEB /* Debug */,
				D83C837116E506950065BEEB /* Release */,
			);
			defaultConfigurationIsVisible = 0;
			defaultConfigurationName = Release;
		};
		D83C837216E506950065BEEB /* Build configuration list for PBXNativeTarget "ZYQTableVDemo" */ = {
			isa = XCConfigurationList;
			buildConfigurations = (
				D83C837316E506950065BEEB /* Debug */,
				D83C837416E506950065BEEB /* Release */,
			);
			defaultConfigurationIsVisible = 0;
			defaultConfigurationName = Release;
		};
/* End XCConfigurationList section */
	};
	rootObject = D83C834D16E506950065BEEB /* Project object */;
}
